
Microsoft Visual Studio Solution File, Format Version 12.00
# Visual Studio Version 17
VisualStudioVersion = 17.10.35013.160
MinimumVisualStudioVersion = 10.0.40219.1
Project("{FAE04EC0-301F-11D3-BF4B-00C04F79EFBC}") = "CompanyCruiserFix", "CompanyCruiserFix.csproj", "{BDB88D5C-A9A8-4779-B9B6-BCBA7DC939A5}"
EndProject
Global
	GlobalSection(SolutionConfigurationPlatforms) = preSolution
		Debug|Any CPU = Debug|Any CPU
		Release|Any CPU = Release|Any CPU
	EndGlobalSection
	GlobalSection(ProjectConfigurationPlatforms) = postSolution
		{BDB88D5C-A9A8-4779-B9B6-BCBA7DC939A5}.Debug|Any CPU.ActiveCfg = Debug|Any CPU
		{BDB88D5C-A9A8-4779-B9B6-BCBA7DC939A5}.Debug|Any CPU.Build.0 = Debug|Any CPU
		{BDB88D5C-A9A8-4779-B9B6-BCBA7DC939A5}.Release|Any CPU.ActiveCfg = Release|Any CPU
		{BDB88D5C-A9A8-4779-B9B6-BCBA7DC939A5}.Release|Any CPU.Build.0 = Release|Any CPU
	EndGlobalSection
	GlobalSection(SolutionProperties) = preSolution
		HideSolutionNode = FALSE
	EndGlobalSection
	GlobalSection(ExtensibilityGlobals) = postSolution
		SolutionGuid = {44E49FA8-8390-4F9B-BB8F-D0FF2957BFAE}
	EndGlobalSection
EndGlobal
